
Microsoft Visual Studio Solution File, Format Version 12.00
# Visual Studio Version 16
VisualStudioVersion = 16.0.29905.134
MinimumVisualStudioVersion = 10.0.40219.1
Project("{FAE04EC0-301F-11D3-BF4B-00C04F79EFBC}") = "ConsoleAppML1", "ConsoleAppML1\ConsoleAppML1.csproj", "{9AA0F67E-C183-488F-8C02-78257D15BA53}"
EndProject
Project("{9A19103F-16F7-4668-BE54-9A1E7A4F7556}") = "ConsoleAppML1ML.Model", "ConsoleAppML1ML.Model\ConsoleAppML1ML.Model.csproj", "{55B14773-9968-4FDE-835A-90758B575807}"
EndProject
Project("{9A19103F-16F7-4668-BE54-9A1E7A4F7556}") = "ConsoleAppML1ML.ConsoleApp", "ConsoleAppML1ML.ConsoleApp\ConsoleAppML1ML.ConsoleApp.csproj", "{88A73A31-319F-4BE0-AF58-C5EFDBF209D5}"
EndProject
Global
	GlobalSection(SolutionConfigurationPlatforms) = preSolution
		Debug|Any CPU = Debug|Any CPU
		Release|Any CPU = Release|Any CPU
	EndGlobalSection
	GlobalSection(ProjectConfigurationPlatforms) = postSolution
		{9AA0F67E-C183-488F-8C02-78257D15BA53}.Debug|Any CPU.ActiveCfg = Debug|Any CPU
		{9AA0F67E-C183-488F-8C02-78257D15BA53}.Debug|Any CPU.Build.0 = Debug|Any CPU
		{9AA0F67E-C183-488F-8C02-78257D15BA53}.Release|Any CPU.ActiveCfg = Release|Any CPU
		{9AA0F67E-C183-488F-8C02-78257D15BA53}.Release|Any CPU.Build.0 = Release|Any CPU
		{55B14773-9968-4FDE-835A-90758B575807}.Debug|Any CPU.ActiveCfg = Debug|Any CPU
		{55B14773-9968-4FDE-835A-90758B575807}.Debug|Any CPU.Build.0 = Debug|Any CPU
		{55B14773-9968-4FDE-835A-90758B575807}.Release|Any CPU.ActiveCfg = Release|Any CPU
		{55B14773-9968-4FDE-835A-90758B575807}.Release|Any CPU.Build.0 = Release|Any CPU
		{88A73A31-319F-4BE0-AF58-C5EFDBF209D5}.Debug|Any CPU.ActiveCfg = Debug|Any CPU
		{88A73A31-319F-4BE0-AF58-C5EFDBF209D5}.Debug|Any CPU.Build.0 = Debug|Any CPU
		{88A73A31-319F-4BE0-AF58-C5EFDBF209D5}.Release|Any CPU.ActiveCfg = Release|Any CPU
		{88A73A31-319F-4BE0-AF58-C5EFDBF209D5}.Release|Any CPU.Build.0 = Release|Any CPU
	EndGlobalSection
	GlobalSection(SolutionProperties) = preSolution
		HideSolutionNode = FALSE
	EndGlobalSection
	GlobalSection(ExtensibilityGlobals) = postSolution
		SolutionGuid = {51DDE91B-1EDD-41E7-9E4E-AA81EEFFF727}
	EndGlobalSection
EndGlobal
